
Microsoft Visual Studio Solution File, Format Version 12.00
# Visual Studio Version 17
VisualStudioVersion = 17.12.35527.113 d17.12
MinimumVisualStudioVersion = 10.0.40219.1
Project("{FAE04EC0-301F-11D3-BF4B-00C04F79EFBC}") = "MvcNetCoreAWSPostgresEC2", "MvcNetCoreAWSPostgresEC2\MvcNetCoreAWSPostgresEC2.csproj", "{E0CAAE07-162F-4767-B372-FAED5364442B}"
EndProject
Global
	GlobalSection(SolutionConfigurationPlatforms) = preSolution
		Debug|Any CPU = Debug|Any CPU
		Release|Any CPU = Release|Any CPU
	EndGlobalSection
	GlobalSection(ProjectConfigurationPlatforms) = postSolution
		{E0CAAE07-162F-4767-B372-FAED5364442B}.Debug|Any CPU.ActiveCfg = Debug|Any CPU
		{E0CAAE07-162F-4767-B372-FAED5364442B}.Debug|Any CPU.Build.0 = Debug|Any CPU
		{E0CAAE07-162F-4767-B372-FAED5364442B}.Release|Any CPU.ActiveCfg = Release|Any CPU
		{E0CAAE07-162F-4767-B372-FAED5364442B}.Release|Any CPU.Build.0 = Release|Any CPU
	EndGlobalSection
	GlobalSection(SolutionProperties) = preSolution
		HideSolutionNode = FALSE
	EndGlobalSection
EndGlobal
